// !$*UTF8*$!
{
	archiveVersion = 1;
	classes = {
	};
	objectVersion = 55;
	objects = {

/* Begin PBXBuildFile section */
		575207E1464D45167D39925D /* Pods_InstantClener.framework in Frameworks */ = {isa = PBXBuildFile; fileRef = 65D21D551E03D05F14DB7807 /* Pods_InstantClener.framework */; };
		5DAF92BD28A0B4AA00D49324 /* InstantClenerApp.swift in Sources */ = {isa = PBXBuildFile; fileRef = 5DAF92BC28A0B4AA00D49324 /* InstantClenerApp.swift */; };
		5DAF92BF28A0B4AA00D49324 /* ContentView.swift in Sources */ = {isa = PBXBuildFile; fileRef = 5DAF92BE28A0B4AA00D49324 /* ContentView.swift */; };
		5DAF92C128A0B4AB00D49324 /* Assets.xcassets in Resources */ = {isa = PBXBuildFile; fileRef = 5DAF92C028A0B4AB00D49324 /* Assets.xcassets */; };
		5DAF92C428A0B4AB00D49324 /* Preview Assets.xcassets in Resources */ = {isa = PBXBuildFile; fileRef = 5DAF92C328A0B4AB00D49324 /* Preview Assets.xcassets */; };
		C7084E2A28A20A4100A77703 /* img_1.png in Resources */ = {isa = PBXBuildFile; fileRef = C7084E2328A20A4100A77703 /* img_1.png */; };
		C7084E2B28A20A4100A77703 /* img_0.png in Resources */ = {isa = PBXBuildFile; fileRef = C7084E2428A20A4100A77703 /* img_0.png */; };
		C7084E2C28A20A4100A77703 /* img_2.png in Resources */ = {isa = PBXBuildFile; fileRef = C7084E2528A20A4100A77703 /* img_2.png */; };
		C7084E2D28A20A4100A77703 /* img_3.png in Resources */ = {isa = PBXBuildFile; fileRef = C7084E2628A20A4100A77703 /* img_3.png */; };
		C7084E2E28A20A4100A77703 /* img_4.png in Resources */ = {isa = PBXBuildFile; fileRef = C7084E2728A20A4100A77703 /* img_4.png */; };
		C7084E2F28A20A4100A77703 /* img_5.png in Resources */ = {isa = PBXBuildFile; fileRef = C7084E2828A20A4100A77703 /* img_5.png */; };
		C7084E3028A20A4100A77703 /* loading.json in Resources */ = {isa = PBXBuildFile; fileRef = C7084E2928A20A4100A77703 /* loading.json */; };
		C7084E3228A2285D00A77703 /* scan.json in Resources */ = {isa = PBXBuildFile; fileRef = C7084E3128A2285D00A77703 /* scan.json */; };
		C71A1D7828A0E3990046F65E /* testing.json in Resources */ = {isa = PBXBuildFile; fileRef = C71A1D7428A0E3990046F65E /* testing.json */; };
		C71A1D7928A0E3990046F65E /* GoogleService-Info.plist in Resources */ = {isa = PBXBuildFile; fileRef = C71A1D7528A0E3990046F65E /* GoogleService-Info.plist */; };
		C71A1D7A28A0E3990046F65E /* Launch Screen.storyboard in Resources */ = {isa = PBXBuildFile; fileRef = C71A1D7628A0E3990046F65E /* Launch Screen.storyboard */; };
		C71A1D7B28A0E3990046F65E /* testing.png in Resources */ = {isa = PBXBuildFile; fileRef = C71A1D7728A0E3990046F65E /* testing.png */; };
		C71A1DCC28A0E3FB0046F65E /* ContactView.swift in Sources */ = {isa = PBXBuildFile; fileRef = C71A1D7E28A0E3FB0046F65E /* ContactView.swift */; };
		C71A1DCD28A0E3FB0046F65E /* ContactManageView.swift in Sources */ = {isa = PBXBuildFile; fileRef = C71A1D7F28A0E3FB0046F65E /* ContactManageView.swift */; };
		C71A1DCE28A0E3FB0046F65E /* PrivacyView.swift in Sources */ = {isa = PBXBuildFile; fileRef = C71A1D8028A0E3FB0046F65E /* PrivacyView.swift */; };
		C71A1DCF28A0E3FB0046F65E /* SpeedView.swift in Sources */ = {isa = PBXBuildFile; fileRef = C71A1D8128A0E3FB0046F65E /* SpeedView.swift */; };
		C71A1DD028A0E3FB0046F65E /* PhotoPermissionView.swift in Sources */ = {isa = PBXBuildFile; fileRef = C71A1D8228A0E3FB0046F65E /* PhotoPermissionView.swift */; };
		C71A1DD128A0E3FB0046F65E /* SmarkResultView.swift in Sources */ = {isa = PBXBuildFile; fileRef = C71A1D8328A0E3FB0046F65E /* SmarkResultView.swift */; };
		C71A1DD228A0E3FB0046F65E /* HomeView.swift in Sources */ = {isa = PBXBuildFile; fileRef = C71A1D8428A0E3FB0046F65E /* HomeView.swift */; };
		C71A1DD328A0E3FB0046F65E /* ShareView.swift in Sources */ = {isa = PBXBuildFile; fileRef = C71A1D8528A0E3FB0046F65E /* ShareView.swift */; };
		C71A1DD428A0E3FB0046F65E /* TermsView.swift in Sources */ = {isa = PBXBuildFile; fileRef = C71A1D8628A0E3FB0046F65E /* TermsView.swift */; };
		C71A1DD528A0E3FB0046F65E /* RootView.swift in Sources */ = {isa = PBXBuildFile; fileRef = C71A1D8728A0E3FB0046F65E /* RootView.swift */; };
		C71A1DD628A0E3FB0046F65E /* SimilarPhotoView.swift in Sources */ = {isa = PBXBuildFile; fileRef = C71A1D8828A0E3FB0046F65E /* SimilarPhotoView.swift */; };
		C71A1DD728A0E3FB0046F65E /* TabbarView.swift in Sources */ = {isa = PBXBuildFile; fileRef = C71A1D8928A0E3FB0046F65E /* TabbarView.swift */; };
		C71A1DD828A0E3FB0046F65E /* ImagePickerView.swift in Sources */ = {isa = PBXBuildFile; fileRef = C71A1D8A28A0E3FB0046F65E /* ImagePickerView.swift */; };
		C71A1DD928A0E3FB0046F65E /* PermissionView.swift in Sources */ = {isa = PBXBuildFile; fileRef = C71A1D8B28A0E3FB0046F65E /* PermissionView.swift */; };
		C71A1DDA28A0E3FB0046F65E /* AlertView.swift in Sources */ = {isa = PBXBuildFile; fileRef = C71A1D8C28A0E3FB0046F65E /* AlertView.swift */; };
		C71A1DDB28A0E3FB0046F65E /* LaunchView.swift in Sources */ = {isa = PBXBuildFile; fileRef = C71A1D8D28A0E3FB0046F65E /* LaunchView.swift */; };
		C71A1DDC28A0E3FB0046F65E /* LottieView.swift in Sources */ = {isa = PBXBuildFile; fileRef = C71A1D8E28A0E3FB0046F65E /* LottieView.swift */; };
		C71A1DDD28A0E3FB0046F65E /* CompressionView.swift in Sources */ = {isa = PBXBuildFile; fileRef = C71A1D8F28A0E3FB0046F65E /* CompressionView.swift */; };
		C71A1DDE28A0E3FB0046F65E /* PatchView.swift in Sources */ = {isa = PBXBuildFile; fileRef = C71A1D9028A0E3FB0046F65E /* PatchView.swift */; };
		C71A1DDF28A0E3FB0046F65E /* DeleteView.swift in Sources */ = {isa = PBXBuildFile; fileRef = C71A1D9128A0E3FB0046F65E /* DeleteView.swift */; };
		C71A1DE028A0E3FB0046F65E /* SettingView.swift in Sources */ = {isa = PBXBuildFile; fileRef = C71A1D9228A0E3FB0046F65E /* SettingView.swift */; };
		C71A1DE128A0E3FB0046F65E /* LoadingView.swift in Sources */ = {isa = PBXBuildFile; fileRef = C71A1D9328A0E3FB0046F65E /* LoadingView.swift */; };
		C71A1DE228A0E3FB0046F65E /* CalendarView.swift in Sources */ = {isa = PBXBuildFile; fileRef = C71A1D9428A0E3FB0046F65E /* CalendarView.swift */; };
		C71A1DE328A0E3FB0046F65E /* CleanView.swift in Sources */ = {isa = PBXBuildFile; fileRef = C71A1D9528A0E3FB0046F65E /* CleanView.swift */; };
		C71A1DE428A0E3FB0046F65E /* ContactCommand.swift in Sources */ = {isa = PBXBuildFile; fileRef = C71A1D9728A0E3FB0046F65E /* ContactCommand.swift */; };
		C71A1DE528A0E3FB0046F65E /* State.swift in Sources */ = {isa = PBXBuildFile; fileRef = C71A1D9828A0E3FB0046F65E /* State.swift */; };
		C71A1DE628A0E3FB0046F65E /* Command.swift in Sources */ = {isa = PBXBuildFile; fileRef = C71A1D9928A0E3FB0046F65E /* Command.swift */; };
		C71A1DE728A0E3FB0046F65E /* CalendarCommand.swift in Sources */ = {isa = PBXBuildFile; fileRef = C71A1D9A28A0E3FB0046F65E /* CalendarCommand.swift */; };
		C71A1DE828A0E3FB0046F65E /* PhotoCommand.swift in Sources */ = {isa = PBXBuildFile; fileRef = C71A1D9B28A0E3FB0046F65E /* PhotoCommand.swift */; };
		C71A1DE928A0E3FB0046F65E /* FirebaseCommand.swift in Sources */ = {isa = PBXBuildFile; fileRef = C71A1D9C28A0E3FB0046F65E /* FirebaseCommand.swift */; };
		C71A1DEA28A0E3FB0046F65E /* SpeedCommand.swift in Sources */ = {isa = PBXBuildFile; fileRef = C71A1D9D28A0E3FB0046F65E /* SpeedCommand.swift */; };
		C71A1DEB28A0E3FB0046F65E /* Store.swift in Sources */ = {isa = PBXBuildFile; fileRef = C71A1D9E28A0E3FB0046F65E /* Store.swift */; };
		C71A1DEC28A0E3FB0046F65E /* PhotoLoadModel.swift in Sources */ = {isa = PBXBuildFile; fileRef = C71A1D9F28A0E3FB0046F65E /* PhotoLoadModel.swift */; };
		C71A1DED28A0E3FB0046F65E /* Action.swift in Sources */ = {isa = PBXBuildFile; fileRef = C71A1DA028A0E3FB0046F65E /* Action.swift */; };
		C71A1DEE28A0E3FB0046F65E /* MonitorFlow.m in Sources */ = {isa = PBXBuildFile; fileRef = C71A1DA428A0E3FB0046F65E /* MonitorFlow.m */; };
		C71A1DEF28A0E3FB0046F65E /* ImageCompare.mm in Sources */ = {isa = PBXBuildFile; fileRef = C71A1DAA28A0E3FB0046F65E /* ImageCompare.mm */; };
		C71A1DF028A0E3FB0046F65E /* AMCompare.mm in Sources */ = {isa = PBXBuildFile; fileRef = C71A1DAB28A0E3FB0046F65E /* AMCompare.mm */; };
		C71A1DF128A0E3FB0046F65E /* AMPhashAssetsCompare.mm in Sources */ = {isa = PBXBuildFile; fileRef = C71A1DAC28A0E3FB0046F65E /* AMPhashAssetsCompare.mm */; };
		C71A1DF228A0E3FB0046F65E /* AMHistogramCompare.mm in Sources */ = {isa = PBXBuildFile; fileRef = C71A1DAF28A0E3FB0046F65E /* AMHistogramCompare.mm */; };
		C71A1DF328A0E3FB0046F65E /* AMSimilarityManager.m in Sources */ = {isa = PBXBuildFile; fileRef = C71A1DB028A0E3FB0046F65E /* AMSimilarityManager.m */; };
		C71A1DF428A0E3FB0046F65E /* AMOrbAssetsCompare.mm in Sources */ = {isa = PBXBuildFile; fileRef = C71A1DB128A0E3FB0046F65E /* AMOrbAssetsCompare.mm */; };
		C71A1DF528A0E3FB0046F65E /* SpeedTest.swift in Sources */ = {isa = PBXBuildFile; fileRef = C71A1DB328A0E3FB0046F65E /* SpeedTest.swift */; };
		C71A1DF628A0E3FB0046F65E /* CustomHostUploadService.swift in Sources */ = {isa = PBXBuildFile; fileRef = C71A1DB628A0E3FB0046F65E /* CustomHostUploadService.swift */; };
		C71A1DF728A0E3FB0046F65E /* CustomHostDownloadService.swift in Sources */ = {isa = PBXBuildFile; fileRef = C71A1DB828A0E3FB0046F65E /* CustomHostDownloadService.swift */; };
		C71A1DF828A0E3FB0046F65E /* SpeedTestServiceAPI.swift in Sources */ = {isa = PBXBuildFile; fileRef = C71A1DB928A0E3FB0046F65E /* SpeedTestServiceAPI.swift */; };
		C71A1DF928A0E3FB0046F65E /* DefaultHostPingService.swift in Sources */ = {isa = PBXBuildFile; fileRef = C71A1DBB28A0E3FB0046F65E /* DefaultHostPingService.swift */; };
		C71A1DFA28A0E3FB0046F65E /* SpeedTestService.swift in Sources */ = {isa = PBXBuildFile; fileRef = C71A1DBD28A0E3FB0046F65E /* SpeedTestService.swift */; };
		C71A1DFB28A0E3FB0046F65E /* SpeedTestHost.swift in Sources */ = {isa = PBXBuildFile; fileRef = C71A1DBE28A0E3FB0046F65E /* SpeedTestHost.swift */; };
		C71A1DFC28A0E3FB0046F65E /* URLResponse+Checking.swift in Sources */ = {isa = PBXBuildFile; fileRef = C71A1DC028A0E3FB0046F65E /* URLResponse+Checking.swift */; };
		C71A1DFD28A0E3FB0046F65E /* URL+ping.swift in Sources */ = {isa = PBXBuildFile; fileRef = C71A1DC128A0E3FB0046F65E /* URL+ping.swift */; };
		C71A1DFE28A0E3FB0046F65E /* Speed.swift in Sources */ = {isa = PBXBuildFile; fileRef = C71A1DC228A0E3FB0046F65E /* Speed.swift */; };
		C71A1DFF28A0E3FB0046F65E /* Result.swift in Sources */ = {isa = PBXBuildFile; fileRef = C71A1DC528A0E3FB0046F65E /* Result.swift */; };
		C71A1E0028A0E3FB0046F65E /* HostURLFormatter.swift in Sources */ = {isa = PBXBuildFile; fileRef = C71A1DC628A0E3FB0046F65E /* HostURLFormatter.swift */; };
		C71A1E0128A0E3FB0046F65E /* Reachability.m in Sources */ = {isa = PBXBuildFile; fileRef = C71A1DC828A0E3FB0046F65E /* Reachability.m */; };
		C71A1E0228A0E3FB0046F65E /* Helper.swift in Sources */ = {isa = PBXBuildFile; fileRef = C71A1DCA28A0E3FB0046F65E /* Helper.swift */; };
		C71A1E0528A0F0400046F65E /* ADCommand.swift in Sources */ = {isa = PBXBuildFile; fileRef = C71A1E0428A0F0400046F65E /* ADCommand.swift */; };
		C71A1E0728A0F1CE0046F65E /* ADConfig.swift in Sources */ = {isa = PBXBuildFile; fileRef = C71A1E0628A0F1CE0046F65E /* ADConfig.swift */; };
		C71A1E0928A0F1F00046F65E /* ADModel.swift in Sources */ = {isa = PBXBuildFile; fileRef = C71A1E0828A0F1F00046F65E /* ADModel.swift */; };
		C71A1E0B28A0F8090046F65E /* NativeView.swift in Sources */ = {isa = PBXBuildFile; fileRef = C71A1E0A28A0F8090046F65E /* NativeView.swift */; };
		C71A1E0D28A0F9E60046F65E /* UINativeADView.swift in Sources */ = {isa = PBXBuildFile; fileRef = C71A1E0C28A0F9E60046F65E /* UINativeADView.swift */; };
		C71A1E0F28A108EC0046F65E /* admob.json in Resources */ = {isa = PBXBuildFile; fileRef = C71A1E0E28A108EC0046F65E /* admob.json */; };
/* End PBXBuildFile section */

/* Begin PBXFileReference section */
		5DAF92B928A0B4AA00D49324 /* InstantClener.app */ = {isa = PBXFileReference; explicitFileType = wrapper.application; includeInIndex = 0; path = InstantClener.app; sourceTree = BUILT_PRODUCTS_DIR; };
		5DAF92BC28A0B4AA00D49324 /* InstantClenerApp.swift */ = {isa = PBXFileReference; lastKnownFileType = sourcecode.swift; path = InstantClenerApp.swift; sourceTree = "<group>"; };
		5DAF92BE28A0B4AA00D49324 /* ContentView.swift */ = {isa = PBXFileReference; lastKnownFileType = sourcecode.swift; path = ContentView.swift; sourceTree = "<group>"; };
		5DAF92C028A0B4AB00D49324 /* Assets.xcassets */ = {isa = PBXFileReference; lastKnownFileType = folder.assetcatalog; path = Assets.xcassets; sourceTree = "<group>"; };
		5DAF92C328A0B4AB00D49324 /* Preview Assets.xcassets */ = {isa = PBXFileReference; lastKnownFileType = folder.assetcatalog; path = "Preview Assets.xcassets"; sourceTree = "<group>"; };
		5DAF92CA28A0B74600D49324 /* Info.plist */ = {isa = PBXFileReference; lastKnownFileType = text.plist; path = Info.plist; sourceTree = "<group>"; };
		65D21D551E03D05F14DB7807 /* Pods_InstantClener.framework */ = {isa = PBXFileReference; explicitFileType = wrapper.framework; includeInIndex = 0; path = Pods_InstantClener.framework; sourceTree = BUILT_PRODUCTS_DIR; };
		A2B2ACDBA845E0973258B174 /* Pods-InstantClener.release.xcconfig */ = {isa = PBXFileReference; includeInIndex = 1; lastKnownFileType = text.xcconfig; name = "Pods-InstantClener.release.xcconfig"; path = "Target Support Files/Pods-InstantClener/Pods-InstantClener.release.xcconfig"; sourceTree = "<group>"; };
		BB6B929CFEE455995F788790 /* Pods-InstantClener.debug.xcconfig */ = {isa = PBXFileReference; includeInIndex = 1; lastKnownFileType = text.xcconfig; name = "Pods-InstantClener.debug.xcconfig"; path = "Target Support Files/Pods-InstantClener/Pods-InstantClener.debug.xcconfig"; sourceTree = "<group>"; };
		C7084E2328A20A4100A77703 /* img_1.png */ = {isa = PBXFileReference; lastKnownFileType = image.png; path = img_1.png; sourceTree = "<group>"; };
		C7084E2428A20A4100A77703 /* img_0.png */ = {isa = PBXFileReference; lastKnownFileType = image.png; path = img_0.png; sourceTree = "<group>"; };
		C7084E2528A20A4100A77703 /* img_2.png */ = {isa = PBXFileReference; lastKnownFileType = image.png; path = img_2.png; sourceTree = "<group>"; };
		C7084E2628A20A4100A77703 /* img_3.png */ = {isa = PBXFileReference; lastKnownFileType = image.png; path = img_3.png; sourceTree = "<group>"; };
		C7084E2728A20A4100A77703 /* img_4.png */ = {isa = PBXFileReference; lastKnownFileType = image.png; path = img_4.png; sourceTree = "<group>"; };
		C7084E2828A20A4100A77703 /* img_5.png */ = {isa = PBXFileReference; lastKnownFileType = image.png; path = img_5.png; sourceTree = "<group>"; };
		C7084E2928A20A4100A77703 /* loading.json */ = {isa = PBXFileReference; fileEncoding = 4; lastKnownFileType = text.json; path = loading.json; sourceTree = "<group>"; };
		C7084E3128A2285D00A77703 /* scan.json */ = {isa = PBXFileReference; fileEncoding = 4; lastKnownFileType = text.json; path = scan.json; sourceTree = "<group>"; };
		C71A1D7428A0E3990046F65E /* testing.json */ = {isa = PBXFileReference; fileEncoding = 4; lastKnownFileType = text.json; path = testing.json; sourceTree = "<group>"; };
		C71A1D7528A0E3990046F65E /* GoogleService-Info.plist */ = {isa = PBXFileReference; fileEncoding = 4; lastKnownFileType = text.plist.xml; path = "GoogleService-Info.plist"; sourceTree = "<group>"; };
		C71A1D7628A0E3990046F65E /* Launch Screen.storyboard */ = {isa = PBXFileReference; fileEncoding = 4; lastKnownFileType = file.storyboard; path = "Launch Screen.storyboard"; sourceTree = "<group>"; };
		C71A1D7728A0E3990046F65E /* testing.png */ = {isa = PBXFileReference; lastKnownFileType = image.png; path = testing.png; sourceTree = "<group>"; };
		C71A1D7E28A0E3FB0046F65E /* ContactView.swift */ = {isa = PBXFileReference; fileEncoding = 4; lastKnownFileType = sourcecode.swift; path = ContactView.swift; sourceTree = "<group>"; };
		C71A1D7F28A0E3FB0046F65E /* ContactManageView.swift */ = {isa = PBXFileReference; fileEncoding = 4; lastKnownFileType = sourcecode.swift; path = ContactManageView.swift; sourceTree = "<group>"; };
		C71A1D8028A0E3FB0046F65E /* PrivacyView.swift */ = {isa = PBXFileReference; fileEncoding = 4; lastKnownFileType = sourcecode.swift; path = PrivacyView.swift; sourceTree = "<group>"; };
		C71A1D8128A0E3FB0046F65E /* SpeedView.swift */ = {isa = PBXFileReference; fileEncoding = 4; lastKnownFileType = sourcecode.swift; path = SpeedView.swift; sourceTree = "<group>"; };
		C71A1D8228A0E3FB0046F65E /* PhotoPermissionView.swift */ = {isa = PBXFileReference; fileEncoding = 4; lastKnownFileType = sourcecode.swift; path = PhotoPermissionView.swift; sourceTree = "<group>"; };
		C71A1D8328A0E3FB0046F65E /* SmarkResultView.swift */ = {isa = PBXFileReference; fileEncoding = 4; lastKnownFileType = sourcecode.swift; path = SmarkResultView.swift; sourceTree = "<group>"; };
		C71A1D8428A0E3FB0046F65E /* HomeView.swift */ = {isa = PBXFileReference; fileEncoding = 4; lastKnownFileType = sourcecode.swift; path = HomeView.swift; sourceTree = "<group>"; };
		C71A1D8528A0E3FB0046F65E /* ShareView.swift */ = {isa = PBXFileReference; fileEncoding = 4; lastKnownFileType = sourcecode.swift; path = ShareView.swift; sourceTree = "<group>"; };
		C71A1D8628A0E3FB0046F65E /* TermsView.swift */ = {isa = PBXFileReference; fileEncoding = 4; lastKnownFileType = sourcecode.swift; path = TermsView.swift; sourceTree = "<group>"; };
		C71A1D8728A0E3FB0046F65E /* RootView.swift */ = {isa = PBXFileReference; fileEncoding = 4; lastKnownFileType = sourcecode.swift; path = RootView.swift; sourceTree = "<group>"; };
		C71A1D8828A0E3FB0046F65E /* SimilarPhotoView.swift */ = {isa = PBXFileReference; fileEncoding = 4; lastKnownFileType = sourcecode.swift; path = SimilarPhotoView.swift; sourceTree = "<group>"; };
		C71A1D8928A0E3FB0046F65E /* TabbarView.swift */ = {isa = PBXFileReference; fileEncoding = 4; lastKnownFileType = sourcecode.swift; path = TabbarView.swift; sourceTree = "<group>"; };
		C71A1D8A28A0E3FB0046F65E /* ImagePickerView.swift */ = {isa = PBXFileReference; fileEncoding = 4; lastKnownFileType = sourcecode.swift; path = ImagePickerView.swift; sourceTree = "<group>"; };
		C71A1D8B28A0E3FB0046F65E /* PermissionView.swift */ = {isa = PBXFileReference; fileEncoding = 4; lastKnownFileType = sourcecode.swift; path = PermissionView.swift; sourceTree = "<group>"; };
		C71A1D8C28A0E3FB0046F65E /* AlertView.swift */ = {isa = PBXFileReference; fileEncoding = 4; lastKnownFileType = sourcecode.swift; path = AlertView.swift; sourceTree = "<group>"; };
		C71A1D8D28A0E3FB0046F65E /* LaunchView.swift */ = {isa = PBXFileReference; fileEncoding = 4; lastKnownFileType = sourcecode.swift; path = LaunchView.swift; sourceTree = "<group>"; };
		C71A1D8E28A0E3FB0046F65E /* LottieView.swift */ = {isa = PBXFileReference; fileEncoding = 4; lastKnownFileType = sourcecode.swift; path = LottieView.swift; sourceTree = "<group>"; };
		C71A1D8F28A0E3FB0046F65E /* CompressionView.swift */ = {isa = PBXFileReference; fileEncoding = 4; lastKnownFileType = sourcecode.swift; path = CompressionView.swift; sourceTree = "<group>"; };
		C71A1D9028A0E3FB0046F65E /* PatchView.swift */ = {isa = PBXFileReference; fileEncoding = 4; lastKnownFileType = sourcecode.swift; path = PatchView.swift; sourceTree = "<group>"; };
		C71A1D9128A0E3FB0046F65E /* DeleteView.swift */ = {isa = PBXFileReference; fileEncoding = 4; lastKnownFileType = sourcecode.swift; path = DeleteView.swift; sourceTree = "<group>"; };
		C71A1D9228A0E3FB0046F65E /* SettingView.swift */ = {isa = PBXFileReference; fileEncoding = 4; lastKnownFileType = sourcecode.swift; path = SettingView.swift; sourceTree = "<group>"; };
		C71A1D9328A0E3FB0046F65E /* LoadingView.swift */ = {isa = PBXFileReference; fileEncoding = 4; lastKnownFileType = sourcecode.swift; path = LoadingView.swift; sourceTree = "<group>"; };
		C71A1D9428A0E3FB0046F65E /* CalendarView.swift */ = {isa = PBXFileReference; fileEncoding = 4; lastKnownFileType = sourcecode.swift; path = CalendarView.swift; sourceTree = "<group>"; };
		C71A1D9528A0E3FB0046F65E /* CleanView.swift */ = {isa = PBXFileReference; fileEncoding = 4; lastKnownFileType = sourcecode.swift; path = CleanView.swift; sourceTree = "<group>"; };
		C71A1D9728A0E3FB0046F65E /* ContactCommand.swift */ = {isa = PBXFileReference; fileEncoding = 4; lastKnownFileType = sourcecode.swift; path = ContactCommand.swift; sourceTree = "<group>"; };
		C71A1D9828A0E3FB0046F65E /* State.swift */ = {isa = PBXFileReference; fileEncoding = 4; lastKnownFileType = sourcecode.swift; path = State.swift; sourceTree = "<group>"; };
		C71A1D9928A0E3FB0046F65E /* Command.swift */ = {isa = PBXFileReference; fileEncoding = 4; lastKnownFileType = sourcecode.swift; path = Command.swift; sourceTree = "<group>"; };
		C71A1D9A28A0E3FB0046F65E /* CalendarCommand.swift */ = {isa = PBXFileReference; fileEncoding = 4; lastKnownFileType = sourcecode.swift; path = CalendarCommand.swift; sourceTree = "<group>"; };
		C71A1D9B28A0E3FB0046F65E /* PhotoCommand.swift */ = {isa = PBXFileReference; fileEncoding = 4; lastKnownFileType = sourcecode.swift; path = PhotoCommand.swift; sourceTree = "<group>"; };
		C71A1D9C28A0E3FB0046F65E /* FirebaseCommand.swift */ = {isa = PBXFileReference; fileEncoding = 4; lastKnownFileType = sourcecode.swift; path = FirebaseCommand.swift; sourceTree = "<group>"; };
		C71A1D9D28A0E3FB0046F65E /* SpeedCommand.swift */ = {isa = PBXFileReference; fileEncoding = 4; lastKnownFileType = sourcecode.swift; path = SpeedCommand.swift; sourceTree = "<group>"; };
		C71A1D9E28A0E3FB0046F65E /* Store.swift */ = {isa = PBXFileReference; fileEncoding = 4; lastKnownFileType = sourcecode.swift; path = Store.swift; sourceTree = "<group>"; };
		C71A1D9F28A0E3FB0046F65E /* PhotoLoadModel.swift */ = {isa = PBXFileReference; fileEncoding = 4; lastKnownFileType = sourcecode.swift; path = PhotoLoadModel.swift; sourceTree = "<group>"; };
		C71A1DA028A0E3FB0046F65E /* Action.swift */ = {isa = PBXFileReference; fileEncoding = 4; lastKnownFileType = sourcecode.swift; path = Action.swift; sourceTree = "<group>"; };
		C71A1DA328A0E3FB0046F65E /* MonitorFlow.h */ = {isa = PBXFileReference; fileEncoding = 4; lastKnownFileType = sourcecode.c.h; path = MonitorFlow.h; sourceTree = "<group>"; };
		C71A1DA428A0E3FB0046F65E /* MonitorFlow.m */ = {isa = PBXFileReference; fileEncoding = 4; lastKnownFileType = sourcecode.c.objc; path = MonitorFlow.m; sourceTree = "<group>"; };
		C71A1DA628A0E3FB0046F65E /* AMPhashAssetsCompare.h */ = {isa = PBXFileReference; fileEncoding = 4; lastKnownFileType = sourcecode.c.h; path = AMPhashAssetsCompare.h; sourceTree = "<group>"; };
		C71A1DA728A0E3FB0046F65E /* AMHistogramCompare.h */ = {isa = PBXFileReference; fileEncoding = 4; lastKnownFileType = sourcecode.c.h; path = AMHistogramCompare.h; sourceTree = "<group>"; };
		C71A1DA828A0E3FB0046F65E /* AMSimilarityManager.h */ = {isa = PBXFileReference; fileEncoding = 4; lastKnownFileType = sourcecode.c.h; path = AMSimilarityManager.h; sourceTree = "<group>"; };
		C71A1DA928A0E3FB0046F65E /* ImageCompare.h */ = {isa = PBXFileReference; fileEncoding = 4; lastKnownFileType = sourcecode.c.h; path = ImageCompare.h; sourceTree = "<group>"; };
		C71A1DAA28A0E3FB0046F65E /* ImageCompare.mm */ = {isa = PBXFileReference; fileEncoding = 4; lastKnownFileType = sourcecode.cpp.objcpp; path = ImageCompare.mm; sourceTree = "<group>"; };
		C71A1DAB28A0E3FB0046F65E /* AMCompare.mm */ = {isa = PBXFileReference; fileEncoding = 4; lastKnownFileType = sourcecode.cpp.objcpp; path = AMCompare.mm; sourceTree = "<group>"; };
		C71A1DAC28A0E3FB0046F65E /* AMPhashAssetsCompare.mm */ = {isa = PBXFileReference; fileEncoding = 4; lastKnownFileType = sourcecode.cpp.objcpp; path = AMPhashAssetsCompare.mm; sourceTree = "<group>"; };
		C71A1DAD28A0E3FB0046F65E /* AMCompare.h */ = {isa = PBXFileReference; fileEncoding = 4; lastKnownFileType = sourcecode.c.h; path = AMCompare.h; sourceTree = "<group>"; };
		C71A1DAE28A0E3FB0046F65E /* AMOrbAssetsCompare.h */ = {isa = PBXFileReference; fileEncoding = 4; lastKnownFileType = sourcecode.c.h; path = AMOrbAssetsCompare.h; sourceTree = "<group>"; };
		C71A1DAF28A0E3FB0046F65E /* AMHistogramCompare.mm */ = {isa = PBXFileReference; fileEncoding = 4; lastKnownFileType = sourcecode.cpp.objcpp; path = AMHistogramCompare.mm; sourceTree = "<group>"; };
		C71A1DB028A0E3FB0046F65E /* AMSimilarityManager.m */ = {isa = PBXFileReference; fileEncoding = 4; lastKnownFileType = sourcecode.c.objc; path = AMSimilarityManager.m; sourceTree = "<group>"; };
		C71A1DB128A0E3FB0046F65E /* AMOrbAssetsCompare.mm */ = {isa = PBXFileReference; fileEncoding = 4; lastKnownFileType = sourcecode.cpp.objcpp; path = AMOrbAssetsCompare.mm; sourceTree = "<group>"; };
		C71A1DB328A0E3FB0046F65E /* SpeedTest.swift */ = {isa = PBXFileReference; fileEncoding = 4; lastKnownFileType = sourcecode.swift; path = SpeedTest.swift; sourceTree = "<group>"; };
		C71A1DB628A0E3FB0046F65E /* CustomHostUploadService.swift */ = {isa = PBXFileReference; fileEncoding = 4; lastKnownFileType = sourcecode.swift; path = CustomHostUploadService.swift; sourceTree = "<group>"; };
		C71A1DB828A0E3FB0046F65E /* CustomHostDownloadService.swift */ = {isa = PBXFileReference; fileEncoding = 4; lastKnownFileType = sourcecode.swift; path = CustomHostDownloadService.swift; sourceTree = "<group>"; };
		C71A1DB928A0E3FB0046F65E /* SpeedTestServiceAPI.swift */ = {isa = PBXFileReference; fileEncoding = 4; lastKnownFileType = sourcecode.swift; path = SpeedTestServiceAPI.swift; sourceTree = "<group>"; };
		C71A1DBB28A0E3FB0046F65E /* DefaultHostPingService.swift */ = {isa = PBXFileReference; fileEncoding = 4; lastKnownFileType = sourcecode.swift; path = DefaultHostPingService.swift; sourceTree = "<group>"; };
		C71A1DBD28A0E3FB0046F65E /* SpeedTestService.swift */ = {isa = PBXFileReference; fileEncoding = 4; lastKnownFileType = sourcecode.swift; path = SpeedTestService.swift; sourceTree = "<group>"; };
		C71A1DBE28A0E3FB0046F65E /* SpeedTestHost.swift */ = {isa = PBXFileReference; fileEncoding = 4; lastKnownFileType = sourcecode.swift; path = SpeedTestHost.swift; sourceTree = "<group>"; };
		C71A1DC028A0E3FB0046F65E /* URLResponse+Checking.swift */ = {isa = PBXFileReference; fileEncoding = 4; lastKnownFileType = sourcecode.swift; path = "URLResponse+Checking.swift"; sourceTree = "<group>"; };
		C71A1DC128A0E3FB0046F65E /* URL+ping.swift */ = {isa = PBXFileReference; fileEncoding = 4; lastKnownFileType = sourcecode.swift; path = "URL+ping.swift"; sourceTree = "<group>"; };
		C71A1DC228A0E3FB0046F65E /* Speed.swift */ = {isa = PBXFileReference; fileEncoding = 4; lastKnownFileType = sourcecode.swift; path = Speed.swift; sourceTree = "<group>"; };
		C71A1DC328A0E3FB0046F65E /* SpeedTestLib.h */ = {isa = PBXFileReference; fileEncoding = 4; lastKnownFileType = sourcecode.c.h; path = SpeedTestLib.h; sourceTree = "<group>"; };
		C71A1DC528A0E3FB0046F65E /* Result.swift */ = {isa = PBXFileReference; fileEncoding = 4; lastKnownFileType = sourcecode.swift; path = Result.swift; sourceTree = "<group>"; };
		C71A1DC628A0E3FB0046F65E /* HostURLFormatter.swift */ = {isa = PBXFileReference; fileEncoding = 4; lastKnownFileType = sourcecode.swift; path = HostURLFormatter.swift; sourceTree = "<group>"; };
		C71A1DC828A0E3FB0046F65E /* Reachability.m */ = {isa = PBXFileReference; fileEncoding = 4; lastKnownFileType = sourcecode.c.objc; path = Reachability.m; sourceTree = "<group>"; };
		C71A1DC928A0E3FB0046F65E /* Reachability.h */ = {isa = PBXFileReference; fileEncoding = 4; lastKnownFileType = sourcecode.c.h; path = Reachability.h; sourceTree = "<group>"; };
		C71A1DCA28A0E3FB0046F65E /* Helper.swift */ = {isa = PBXFileReference; fileEncoding = 4; lastKnownFileType = sourcecode.swift; path = Helper.swift; sourceTree = "<group>"; };
		C71A1DCB28A0E3FB0046F65E /* InstanCleaner-Bridge.h */ = {isa = PBXFileReference; fileEncoding = 4; lastKnownFileType = sourcecode.c.h; path = "InstanCleaner-Bridge.h"; sourceTree = "<group>"; };
		C71A1E0428A0F0400046F65E /* ADCommand.swift */ = {isa = PBXFileReference; lastKnownFileType = sourcecode.swift; path = ADCommand.swift; sourceTree = "<group>"; };
		C71A1E0628A0F1CE0046F65E /* ADConfig.swift */ = {isa = PBXFileReference; lastKnownFileType = sourcecode.swift; path = ADConfig.swift; sourceTree = "<group>"; };
		C71A1E0828A0F1F00046F65E /* ADModel.swift */ = {isa = PBXFileReference; lastKnownFileType = sourcecode.swift; path = ADModel.swift; sourceTree = "<group>"; };
		C71A1E0A28A0F8090046F65E /* NativeView.swift */ = {isa = PBXFileReference; fileEncoding = 4; lastKnownFileType = sourcecode.swift; path = NativeView.swift; sourceTree = "<group>"; };
		C71A1E0C28A0F9E60046F65E /* UINativeADView.swift */ = {isa = PBXFileReference; fileEncoding = 4; lastKnownFileType = sourcecode.swift; path = UINativeADView.swift; sourceTree = "<group>"; };
		C71A1E0E28A108EC0046F65E /* admob.json */ = {isa = PBXFileReference; fileEncoding = 4; lastKnownFileType = text.json; path = admob.json; sourceTree = "<group>"; };
/* End PBXFileReference section */

/* Begin PBXFrameworksBuildPhase section */
		5DAF92B628A0B4AA00D49324 /* Frameworks */ = {
			isa = PBXFrameworksBuildPhase;
			buildActionMask = 2147483647;
			files = (
				575207E1464D45167D39925D /* Pods_InstantClener.framework in Frameworks */,
			);
			runOnlyForDeploymentPostprocessing = 0;
		};
/* End PBXFrameworksBuildPhase section */

/* Begin PBXGroup section */
		5DAF92B028A0B4AA00D49324 = {
			isa = PBXGroup;
			children = (
				5DAF92BB28A0B4AA00D49324 /* InstantClener */,
				5DAF92BA28A0B4AA00D49324 /* Products */,
				EFAF7F27D9A4D46D708F95D5 /* Pods */,
				ED15407E8627B5A365469A56 /* Frameworks */,
			);
			sourceTree = "<group>";
		};
		5DAF92BA28A0B4AA00D49324 /* Products */ = {
			isa = PBXGroup;
			children = (
				5DAF92B928A0B4AA00D49324 /* InstantClener.app */,
			);
			name = Products;
			sourceTree = "<group>";
		};
		5DAF92BB28A0B4AA00D49324 /* InstantClener */ = {
			isa = PBXGroup;
			children = (
				C71A1E0E28A108EC0046F65E /* admob.json */,
				C7084E3128A2285D00A77703 /* scan.json */,
				C7084E2228A20A4100A77703 /* loading */,
				C7084E0D28A207A600A77703 /* testingAnimation */,
				C71A1D7528A0E3990046F65E /* GoogleService-Info.plist */,
				C71A1D7628A0E3990046F65E /* Launch Screen.storyboard */,
				5DAF92CA28A0B74600D49324 /* Info.plist */,
				5DAF92BC28A0B4AA00D49324 /* InstantClenerApp.swift */,
				5DAF92BE28A0B4AA00D49324 /* ContentView.swift */,
				5DAF92C028A0B4AB00D49324 /* Assets.xcassets */,
				C71A1D9628A0E3FB0046F65E /* DataFllow */,
				C71A1DA128A0E3FB0046F65E /* Util */,
				C71A1D7C28A0E3FB0046F65E /* View */,
				5DAF92C228A0B4AB00D49324 /* Preview Content */,
			);
			path = InstantClener;
			sourceTree = "<group>";
		};
		5DAF92C228A0B4AB00D49324 /* Preview Content */ = {
			isa = PBXGroup;
			children = (
				5DAF92C328A0B4AB00D49324 /* Preview Assets.xcassets */,
			);
			path = "Preview Content";
			sourceTree = "<group>";
		};
		C7084E0D28A207A600A77703 /* testingAnimation */ = {
			isa = PBXGroup;
			children = (
				C71A1D7728A0E3990046F65E /* testing.png */,
				C71A1D7428A0E3990046F65E /* testing.json */,
			);
			path = testingAnimation;
			sourceTree = "<group>";
		};
		C7084E2228A20A4100A77703 /* loading */ = {
			isa = PBXGroup;
			children = (
				C7084E2328A20A4100A77703 /* img_1.png */,
				C7084E2428A20A4100A77703 /* img_0.png */,
				C7084E2528A20A4100A77703 /* img_2.png */,
				C7084E2628A20A4100A77703 /* img_3.png */,
				C7084E2728A20A4100A77703 /* img_4.png */,
				C7084E2828A20A4100A77703 /* img_5.png */,
				C7084E2928A20A4100A77703 /* loading.json */,
			);
			path = loading;
			sourceTree = "<group>";
		};
		C71A1D7C28A0E3FB0046F65E /* View */ = {
			isa = PBXGroup;
			children = (
				C71A1E0A28A0F8090046F65E /* NativeView.swift */,
				C71A1D8C28A0E3FB0046F65E /* AlertView.swift */,
				C71A1D9428A0E3FB0046F65E /* CalendarView.swift */,
				C71A1D9528A0E3FB0046F65E /* CleanView.swift */,
				C71A1D8F28A0E3FB0046F65E /* CompressionView.swift */,
				C71A1D7F28A0E3FB0046F65E /* ContactManageView.swift */,
				C71A1D7E28A0E3FB0046F65E /* ContactView.swift */,
				C71A1D9128A0E3FB0046F65E /* DeleteView.swift */,
				C71A1D8428A0E3FB0046F65E /* HomeView.swift */,
				C71A1D8A28A0E3FB0046F65E /* ImagePickerView.swift */,
				C71A1D8D28A0E3FB0046F65E /* LaunchView.swift */,
				C71A1D9328A0E3FB0046F65E /* LoadingView.swift */,
				C71A1D8E28A0E3FB0046F65E /* LottieView.swift */,
				C71A1D9028A0E3FB0046F65E /* PatchView.swift */,
				C71A1D8B28A0E3FB0046F65E /* PermissionView.swift */,
				C71A1D8228A0E3FB0046F65E /* PhotoPermissionView.swift */,
				C71A1D8028A0E3FB0046F65E /* PrivacyView.swift */,
				C71A1D8728A0E3FB0046F65E /* RootView.swift */,
				C71A1D9228A0E3FB0046F65E /* SettingView.swift */,
				C71A1D8528A0E3FB0046F65E /* ShareView.swift */,
				C71A1D8828A0E3FB0046F65E /* SimilarPhotoView.swift */,
				C71A1D8328A0E3FB0046F65E /* SmarkResultView.swift */,
				C71A1D8128A0E3FB0046F65E /* SpeedView.swift */,
				C71A1D8928A0E3FB0046F65E /* TabbarView.swift */,
				C71A1D8628A0E3FB0046F65E /* TermsView.swift */,
				C71A1E0C28A0F9E60046F65E /* UINativeADView.swift */,
			);
			path = View;
			sourceTree = "<group>";
		};
		C71A1D9628A0E3FB0046F65E /* DataFllow */ = {
			isa = PBXGroup;
			children = (
				C71A1D9828A0E3FB0046F65E /* State.swift */,
				C71A1D9E28A0E3FB0046F65E /* Store.swift */,
				C71A1DA028A0E3FB0046F65E /* Action.swift */,
				C71A1D9A28A0E3FB0046F65E /* CalendarCommand.swift */,
				C71A1D9928A0E3FB0046F65E /* Command.swift */,
				C71A1D9728A0E3FB0046F65E /* ContactCommand.swift */,
				C71A1D9C28A0E3FB0046F65E /* FirebaseCommand.swift */,
				C71A1D9B28A0E3FB0046F65E /* PhotoCommand.swift */,
				C71A1D9F28A0E3FB0046F65E /* PhotoLoadModel.swift */,
				C71A1D9D28A0E3FB0046F65E /* SpeedCommand.swift */,
				C71A1E0428A0F0400046F65E /* ADCommand.swift */,
				C71A1E0628A0F1CE0046F65E /* ADConfig.swift */,
				C71A1E0828A0F1F00046F65E /* ADModel.swift */,
			);
			path = DataFllow;
			sourceTree = "<group>";
		};
		C71A1DA128A0E3FB0046F65E /* Util */ = {
			isa = PBXGroup;
			children = (
				C71A1DCB28A0E3FB0046F65E /* InstanCleaner-Bridge.h */,
				C71A1DCA28A0E3FB0046F65E /* Helper.swift */,
				C71A1DA528A0E3FB0046F65E /* AMImageCompareCore */,
				C71A1DA228A0E3FB0046F65E /* MonitorFlow */,
				C71A1DC728A0E3FB0046F65E /* Reachability */,
				C71A1DB228A0E3FB0046F65E /* Speedtools */,
			);
			path = Util;
			sourceTree = "<group>";
		};
		C71A1DA228A0E3FB0046F65E /* MonitorFlow */ = {
			isa = PBXGroup;
			children = (
				C71A1DA328A0E3FB0046F65E /* MonitorFlow.h */,
				C71A1DA428A0E3FB0046F65E /* MonitorFlow.m */,
			);
			path = MonitorFlow;
			sourceTree = "<group>";
		};
		C71A1DA528A0E3FB0046F65E /* AMImageCompareCore */ = {
			isa = PBXGroup;
			children = (
				C71A1DA628A0E3FB0046F65E /* AMPhashAssetsCompare.h */,
				C71A1DA728A0E3FB0046F65E /* AMHistogramCompare.h */,
				C71A1DA828A0E3FB0046F65E /* AMSimilarityManager.h */,
				C71A1DA928A0E3FB0046F65E /* ImageCompare.h */,
				C71A1DAA28A0E3FB0046F65E /* ImageCompare.mm */,
				C71A1DAB28A0E3FB0046F65E /* AMCompare.mm */,
				C71A1DAC28A0E3FB0046F65E /* AMPhashAssetsCompare.mm */,
				C71A1DAD28A0E3FB0046F65E /* AMCompare.h */,
				C71A1DAE28A0E3FB0046F65E /* AMOrbAssetsCompare.h */,
				C71A1DAF28A0E3FB0046F65E /* AMHistogramCompare.mm */,
				C71A1DB028A0E3FB0046F65E /* AMSimilarityManager.m */,
				C71A1DB128A0E3FB0046F65E /* AMOrbAssetsCompare.mm */,
			);
			path = AMImageCompareCore;
			sourceTree = "<group>";
		};
		C71A1DB228A0E3FB0046F65E /* Speedtools */ = {
			isa = PBXGroup;
			children = (
				C71A1DB328A0E3FB0046F65E /* SpeedTest.swift */,
				C71A1DB428A0E3FB0046F65E /* Network */,
				C71A1DBF28A0E3FB0046F65E /* Extensions */,
				C71A1DC228A0E3FB0046F65E /* Speed.swift */,
				C71A1DC328A0E3FB0046F65E /* SpeedTestLib.h */,
				C71A1DC428A0E3FB0046F65E /* Helpers */,
			);
			path = Speedtools;
			sourceTree = "<group>";
		};
		C71A1DB428A0E3FB0046F65E /* Network */ = {
			isa = PBXGroup;
			children = (
				C71A1DB528A0E3FB0046F65E /* UploadService */,
				C71A1DB728A0E3FB0046F65E /* DownloadService */,
				C71A1DB928A0E3FB0046F65E /* SpeedTestServiceAPI.swift */,
				C71A1DBA28A0E3FB0046F65E /* HostPingService */,
				C71A1DBC28A0E3FB0046F65E /* SpeedTestHostingService */,
			);
			path = Network;
			sourceTree = "<group>";
		};
		C71A1DB528A0E3FB0046F65E /* UploadService */ = {
			isa = PBXGroup;
			children = (
				C71A1DB628A0E3FB0046F65E /* CustomHostUploadService.swift */,
			);
			path = UploadService;
			sourceTree = "<group>";
		};
		C71A1DB728A0E3FB0046F65E /* DownloadService */ = {
			isa = PBXGroup;
			children = (
				C71A1DB828A0E3FB0046F65E /* CustomHostDownloadService.swift */,
			);
			path = DownloadService;
			sourceTree = "<group>";
		};
		C71A1DBA28A0E3FB0046F65E /* HostPingService */ = {
			isa = PBXGroup;
			children = (
				C71A1DBB28A0E3FB0046F65E /* DefaultHostPingService.swift */,
			);
			path = HostPingService;
			sourceTree = "<group>";
		};
		C71A1DBC28A0E3FB0046F65E /* SpeedTestHostingService */ = {
			isa = PBXGroup;
			children = (
				C71A1DBD28A0E3FB0046F65E /* SpeedTestService.swift */,
				C71A1DBE28A0E3FB0046F65E /* SpeedTestHost.swift */,
			);
			path = SpeedTestHostingService;
			sourceTree = "<group>";
		};
		C71A1DBF28A0E3FB0046F65E /* Extensions */ = {
			isa = PBXGroup;
			children = (
				C71A1DC028A0E3FB0046F65E /* URLResponse+Checking.swift */,
				C71A1DC128A0E3FB0046F65E /* URL+ping.swift */,
			);
			path = Extensions;
			sourceTree = "<group>";
		};
		C71A1DC428A0E3FB0046F65E /* Helpers */ = {
			isa = PBXGroup;
			children = (
				C71A1DC528A0E3FB0046F65E /* Result.swift */,
				C71A1DC628A0E3FB0046F65E /* HostURLFormatter.swift */,
			);
			path = Helpers;
			sourceTree = "<group>";
		};
		C71A1DC728A0E3FB0046F65E /* Reachability */ = {
			isa = PBXGroup;
			children = (
				C71A1DC828A0E3FB0046F65E /* Reachability.m */,
				C71A1DC928A0E3FB0046F65E /* Reachability.h */,
			);
			path = Reachability;
			sourceTree = "<group>";
		};
		ED15407E8627B5A365469A56 /* Frameworks */ = {
			isa = PBXGroup;
			children = (
				65D21D551E03D05F14DB7807 /* Pods_InstantClener.framework */,
			);
			name = Frameworks;
			sourceTree = "<group>";
		};
		EFAF7F27D9A4D46D708F95D5 /* Pods */ = {
			isa = PBXGroup;
			children = (
				BB6B929CFEE455995F788790 /* Pods-InstantClener.debug.xcconfig */,
				A2B2ACDBA845E0973258B174 /* Pods-InstantClener.release.xcconfig */,
			);
			path = Pods;
			sourceTree = "<group>";
		};
/* End PBXGroup section */

/* Begin PBXNativeTarget section */
		5DAF92B828A0B4AA00D49324 /* InstantClener */ = {
			isa = PBXNativeTarget;
			buildConfigurationList = 5DAF92C728A0B4AB00D49324 /* Build configuration list for PBXNativeTarget "InstantClener" */;
			buildPhases = (
				0CC552DF52EA02516664888D /* [CP] Check Pods Manifest.lock */,
				5DAF92B528A0B4AA00D49324 /* Sources */,
				5DAF92B628A0B4AA00D49324 /* Frameworks */,
				5DAF92B728A0B4AA00D49324 /* Resources */,
				571AE348CDD9B2CD4FCC60FC /* [CP] Embed Pods Frameworks */,
			);
			buildRules = (
			);
			dependencies = (
			);
			name = InstantClener;
			productName = InstantClener;
			productReference = 5DAF92B928A0B4AA00D49324 /* InstantClener.app */;
			productType = "com.apple.product-type.application";
		};
/* End PBXNativeTarget section */

/* Begin PBXProject section */
		5DAF92B128A0B4AA00D49324 /* Project object */ = {
			isa = PBXProject;
			attributes = {
				BuildIndependentTargetsInParallel = 1;
				LastSwiftUpdateCheck = 1340;
				LastUpgradeCheck = 1340;
				TargetAttributes = {
					5DAF92B828A0B4AA00D49324 = {
						CreatedOnToolsVersion = 13.4.1;
					};
				};
			};
			buildConfigurationList = 5DAF92B428A0B4AA00D49324 /* Build configuration list for PBXProject "InstantClener" */;
			compatibilityVersion = "Xcode 13.0";
			developmentRegion = en;
			hasScannedForEncodings = 0;
			knownRegions = (
				en,
				Base,
			);
			mainGroup = 5DAF92B028A0B4AA00D49324;
			productRefGroup = 5DAF92BA28A0B4AA00D49324 /* Products */;
			projectDirPath = "";
			projectRoot = "";
			targets = (
				5DAF92B828A0B4AA00D49324 /* InstantClener */,
			);
		};
/* End PBXProject section */

/* Begin PBXResourcesBuildPhase section */
		5DAF92B728A0B4AA00D49324 /* Resources */ = {
			isa = PBXResourcesBuildPhase;
			buildActionMask = 2147483647;
			files = (
				C71A1E0F28A108EC0046F65E /* admob.json in Resources */,
				C7084E2B28A20A4100A77703 /* img_0.png in Resources */,
				C7084E2A28A20A4100A77703 /* img_1.png in Resources */,
				C7084E3228A2285D00A77703 /* scan.json in Resources */,
				5DAF92C428A0B4AB00D49324 /* Preview Assets.xcassets in Resources */,
				C71A1D7928A0E3990046F65E /* GoogleService-Info.plist in Resources */,
				C71A1D7B28A0E3990046F65E /* testing.png in Resources */,
				C7084E2F28A20A4100A77703 /* img_5.png in Resources */,
				C7084E3028A20A4100A77703 /* loading.json in Resources */,
				C71A1D7828A0E3990046F65E /* testing.json in Resources */,
				C71A1D7A28A0E3990046F65E /* Launch Screen.storyboard in Resources */,
				5DAF92C128A0B4AB00D49324 /* Assets.xcassets in Resources */,
				C7084E2C28A20A4100A77703 /* img_2.png in Resources */,
				C7084E2E28A20A4100A77703 /* img_4.png in Resources */,
				C7084E2D28A20A4100A77703 /* img_3.png in Resources */,
			);
			runOnlyForDeploymentPostprocessing = 0;
		};
/* End PBXResourcesBuildPhase section */

/* Begin PBXShellScriptBuildPhase section */
		0CC552DF52EA02516664888D /* [CP] Check Pods Manifest.lock */ = {
			isa = PBXShellScriptBuildPhase;
			buildActionMask = 2147483647;
			files = (
			);
			inputFileListPaths = (
			);
			inputPaths = (
				"${PODS_PODFILE_DIR_PATH}/Podfile.lock",
				"${PODS_ROOT}/Manifest.lock",
			);
			name = "[CP] Check Pods Manifest.lock";
			outputFileListPaths = (
			);
			outputPaths = (
				"$(DERIVED_FILE_DIR)/Pods-InstantClener-checkManifestLockResult.txt",
			);
			runOnlyForDeploymentPostprocessing = 0;
			shellPath = /bin/sh;
			shellScript = "diff \"${PODS_PODFILE_DIR_PATH}/Podfile.lock\" \"${PODS_ROOT}/Manifest.lock\" > /dev/null\nif [ $? != 0 ] ; then\n    # print error to STDERR\n    echo \"error: The sandbox is not in sync with the Podfile.lock. Run 'pod install' or update your CocoaPods installation.\" >&2\n    exit 1\nfi\n# This output is used by Xcode 'outputs' to avoid re-running this script phase.\necho \"SUCCESS\" > \"${SCRIPT_OUTPUT_FILE_0}\"\n";
			showEnvVarsInLog = 0;
		};
		571AE348CDD9B2CD4FCC60FC /* [CP] Embed Pods Frameworks */ = {
			isa = PBXShellScriptBuildPhase;
			buildActionMask = 2147483647;
			files = (
			);
			inputFileListPaths = (
				"${PODS_ROOT}/Target Support Files/Pods-InstantClener/Pods-InstantClener-frameworks-${CONFIGURATION}-input-files.xcfilelist",
			);
			name = "[CP] Embed Pods Frameworks";
			outputFileListPaths = (
				"${PODS_ROOT}/Target Support Files/Pods-InstantClener/Pods-InstantClener-frameworks-${CONFIGURATION}-output-files.xcfilelist",
			);
			runOnlyForDeploymentPostprocessing = 0;
			shellPath = /bin/sh;
			shellScript = "\"${PODS_ROOT}/Target Support Files/Pods-InstantClener/Pods-InstantClener-frameworks.sh\"\n";
			showEnvVarsInLog = 0;
		};
/* End PBXShellScriptBuildPhase section */

/* Begin PBXSourcesBuildPhase section */
		5DAF92B528A0B4AA00D49324 /* Sources */ = {
			isa = PBXSourcesBuildPhase;
			buildActionMask = 2147483647;
			files = (
				C71A1DFF28A0E3FB0046F65E /* Result.swift in Sources */,
				C71A1DD328A0E3FB0046F65E /* ShareView.swift in Sources */,
				C71A1DED28A0E3FB0046F65E /* Action.swift in Sources */,
				C71A1DFE28A0E3FB0046F65E /* Speed.swift in Sources */,
				C71A1DDC28A0E3FB0046F65E /* LottieView.swift in Sources */,
				C71A1DF128A0E3FB0046F65E /* AMPhashAssetsCompare.mm in Sources */,
				C71A1DD228A0E3FB0046F65E /* HomeView.swift in Sources */,
				C71A1DD128A0E3FB0046F65E /* SmarkResultView.swift in Sources */,
				C71A1E0228A0E3FB0046F65E /* Helper.swift in Sources */,
				C71A1DF328A0E3FB0046F65E /* AMSimilarityManager.m in Sources */,
				C71A1DE028A0E3FB0046F65E /* SettingView.swift in Sources */,
				C71A1E0128A0E3FB0046F65E /* Reachability.m in Sources */,
				C71A1E0D28A0F9E60046F65E /* UINativeADView.swift in Sources */,
				C71A1DFA28A0E3FB0046F65E /* SpeedTestService.swift in Sources */,
				C71A1DE228A0E3FB0046F65E /* CalendarView.swift in Sources */,
				C71A1DE128A0E3FB0046F65E /* LoadingView.swift in Sources */,
				C71A1DF728A0E3FB0046F65E /* CustomHostDownloadService.swift in Sources */,
				C71A1DD928A0E3FB0046F65E /* PermissionView.swift in Sources */,
				C71A1E0028A0E3FB0046F65E /* HostURLFormatter.swift in Sources */,
				C71A1DEF28A0E3FB0046F65E /* ImageCompare.mm in Sources */,
				5DAF92BF28A0B4AA00D49324 /* ContentView.swift in Sources */,
				C71A1DF628A0E3FB0046F65E /* CustomHostUploadService.swift in Sources */,
				C71A1DEA28A0E3FB0046F65E /* SpeedCommand.swift in Sources */,
				C71A1DD828A0E3FB0046F65E /* ImagePickerView.swift in Sources */,
				C71A1DCC28A0E3FB0046F65E /* ContactView.swift in Sources */,
				C71A1DFB28A0E3FB0046F65E /* SpeedTestHost.swift in Sources */,
				C71A1DF028A0E3FB0046F65E /* AMCompare.mm in Sources */,
				C71A1E0928A0F1F00046F65E /* ADModel.swift in Sources */,
				C71A1DEE28A0E3FB0046F65E /* MonitorFlow.m in Sources */,
				C71A1DDB28A0E3FB0046F65E /* LaunchView.swift in Sources */,
				C71A1DDD28A0E3FB0046F65E /* CompressionView.swift in Sources */,
				C71A1DCF28A0E3FB0046F65E /* SpeedView.swift in Sources */,
				C71A1DE328A0E3FB0046F65E /* CleanView.swift in Sources */,
				C71A1DE428A0E3FB0046F65E /* ContactCommand.swift in Sources */,
				C71A1DF928A0E3FB0046F65E /* DefaultHostPingService.swift in Sources */,
				C71A1DE928A0E3FB0046F65E /* FirebaseCommand.swift in Sources */,
				C71A1DCD28A0E3FB0046F65E /* ContactManageView.swift in Sources */,
				C71A1DD028A0E3FB0046F65E /* PhotoPermissionView.swift in Sources */,
				C71A1E0528A0F0400046F65E /* ADCommand.swift in Sources */,
				C71A1DD728A0E3FB0046F65E /* TabbarView.swift in Sources */,
				C71A1E0728A0F1CE0046F65E /* ADConfig.swift in Sources */,
				C71A1DE628A0E3FB0046F65E /* Command.swift in Sources */,
				C71A1DFD28A0E3FB0046F65E /* URL+ping.swift in Sources */,
				C71A1DE528A0E3FB0046F65E /* State.swift in Sources */,
				C71A1DD528A0E3FB0046F65E /* RootView.swift in Sources */,
				5DAF92BD28A0B4AA00D49324 /* InstantClenerApp.swift in Sources */,
				C71A1DD628A0E3FB0046F65E /* SimilarPhotoView.swift in Sources */,
				C71A1DEC28A0E3FB0046F65E /* PhotoLoadModel.swift in Sources */,
				C71A1DCE28A0E3FB0046F65E /* PrivacyView.swift in Sources */,
				C71A1DEB28A0E3FB0046F65E /* Store.swift in Sources */,
				C71A1DFC28A0E3FB0046F65E /* URLResponse+Checking.swift in Sources */,
				C71A1DF428A0E3FB0046F65E /* AMOrbAssetsCompare.mm in Sources */,
				C71A1DD428A0E3FB0046F65E /* TermsView.swift in Sources */,
				C71A1E0B28A0F8090046F65E /* NativeView.swift in Sources */,
				C71A1DF228A0E3FB0046F65E /* AMHistogramCompare.mm in Sources */,
				C71A1DDF28A0E3FB0046F65E /* DeleteView.swift in Sources */,
				C71A1DE728A0E3FB0046F65E /* CalendarCommand.swift in Sources */,
				C71A1DDA28A0E3FB0046F65E /* AlertView.swift in Sources */,
				C71A1DF828A0E3FB0046F65E /* SpeedTestServiceAPI.swift in Sources */,
				C71A1DE828A0E3FB0046F65E /* PhotoCommand.swift in Sources */,
				C71A1DDE28A0E3FB0046F65E /* PatchView.swift in Sources */,
				C71A1DF528A0E3FB0046F65E /* SpeedTest.swift in Sources */,
			);
			runOnlyForDeploymentPostprocessing = 0;
		};
/* End PBXSourcesBuildPhase section */

/* Begin XCBuildConfiguration section */
		5DAF92C528A0B4AB00D49324 /* Debug */ = {
			isa = XCBuildConfiguration;
			buildSettings = {
				ALWAYS_SEARCH_USER_PATHS = NO;
				CLANG_ANALYZER_NONNULL = YES;
				CLANG_ANALYZER_NUMBER_OBJECT_CONVERSION = YES_AGGRESSIVE;
				CLANG_CXX_LANGUAGE_STANDARD = "gnu++17";
				CLANG_ENABLE_MODULES = YES;
				CLANG_ENABLE_OBJC_ARC = YES;
				CLANG_ENABLE_OBJC_WEAK = YES;
				CLANG_WARN_BLOCK_CAPTURE_AUTORELEASING = YES;
				CLANG_WARN_BOOL_CONVERSION = YES;
				CLANG_WARN_COMMA = YES;
				CLANG_WARN_CONSTANT_CONVERSION = YES;
				CLANG_WARN_DEPRECATED_OBJC_IMPLEMENTATIONS = YES;
				CLANG_WARN_DIRECT_OBJC_ISA_USAGE = YES_ERROR;
				CLANG_WARN_DOCUMENTATION_COMMENTS = YES;
				CLANG_WARN_EMPTY_BODY = YES;
				CLANG_WARN_ENUM_CONVERSION = YES;
				CLANG_WARN_INFINITE_RECURSION = YES;
				CLANG_WARN_INT_CONVERSION = YES;
				CLANG_WARN_NON_LITERAL_NULL_CONVERSION = YES;
				CLANG_WARN_OBJC_IMPLICIT_RETAIN_SELF = YES;
				CLANG_WARN_OBJC_LITERAL_CONVERSION = YES;
				CLANG_WARN_OBJC_ROOT_CLASS = YES_ERROR;
				CLANG_WARN_QUOTED_INCLUDE_IN_FRAMEWORK_HEADER = YES;
				CLANG_WARN_RANGE_LOOP_ANALYSIS = YES;
				CLANG_WARN_STRICT_PROTOTYPES = YES;
				CLANG_WARN_SUSPICIOUS_MOVE = YES;
				CLANG_WARN_UNGUARDED_AVAILABILITY = YES_AGGRESSIVE;
				CLANG_WARN_UNREACHABLE_CODE = YES;
				CLANG_WARN__DUPLICATE_METHOD_MATCH = YES;
				COPY_PHASE_STRIP = NO;
				DEBUG_INFORMATION_FORMAT = dwarf;
				ENABLE_STRICT_OBJC_MSGSEND = YES;
				ENABLE_TESTABILITY = YES;
				GCC_C_LANGUAGE_STANDARD = gnu11;
				GCC_DYNAMIC_NO_PIC = NO;
				GCC_NO_COMMON_BLOCKS = YES;
				GCC_OPTIMIZATION_LEVEL = 0;
				GCC_PREPROCESSOR_DEFINITIONS = (
					"DEBUG=1",
					"$(inherited)",
				);
				GCC_WARN_64_TO_32_BIT_CONVERSION = YES;
				GCC_WARN_ABOUT_RETURN_TYPE = YES_ERROR;
				GCC_WARN_UNDECLARED_SELECTOR = YES;
				GCC_WARN_UNINITIALIZED_AUTOS = YES_AGGRESSIVE;
				GCC_WARN_UNUSED_FUNCTION = YES;
				GCC_WARN_UNUSED_VARIABLE = YES;
				IPHONEOS_DEPLOYMENT_TARGET = 14.0;
				MTL_ENABLE_DEBUG_INFO = INCLUDE_SOURCE;
				MTL_FAST_MATH = YES;
				ONLY_ACTIVE_ARCH = YES;
				SDKROOT = iphoneos;
				SWIFT_ACTIVE_COMPILATION_CONDITIONS = DEBUG;
				SWIFT_OPTIMIZATION_LEVEL = "-Onone";
			};
			name = Debug;
		};
		5DAF92C628A0B4AB00D49324 /* Release */ = {
			isa = XCBuildConfiguration;
			buildSettings = {
				ALWAYS_SEARCH_USER_PATHS = NO;
				CLANG_ANALYZER_NONNULL = YES;
				CLANG_ANALYZER_NUMBER_OBJECT_CONVERSION = YES_AGGRESSIVE;
				CLANG_CXX_LANGUAGE_STANDARD = "gnu++17";
				CLANG_ENABLE_MODULES = YES;
				CLANG_ENABLE_OBJC_ARC = YES;
				CLANG_ENABLE_OBJC_WEAK = YES;
				CLANG_WARN_BLOCK_CAPTURE_AUTORELEASING = YES;
				CLANG_WARN_BOOL_CONVERSION = YES;
				CLANG_WARN_COMMA = YES;
				CLANG_WARN_CONSTANT_CONVERSION = YES;
				CLANG_WARN_DEPRECATED_OBJC_IMPLEMENTATIONS = YES;
				CLANG_WARN_DIRECT_OBJC_ISA_USAGE = YES_ERROR;
				CLANG_WARN_DOCUMENTATION_COMMENTS = YES;
				CLANG_WARN_EMPTY_BODY = YES;
				CLANG_WARN_ENUM_CONVERSION = YES;
				CLANG_WARN_INFINITE_RECURSION = YES;
				CLANG_WARN_INT_CONVERSION = YES;
				CLANG_WARN_NON_LITERAL_NULL_CONVERSION = YES;
				CLANG_WARN_OBJC_IMPLICIT_RETAIN_SELF = YES;
				CLANG_WARN_OBJC_LITERAL_CONVERSION = YES;
				CLANG_WARN_OBJC_ROOT_CLASS = YES_ERROR;
				CLANG_WARN_QUOTED_INCLUDE_IN_FRAMEWORK_HEADER = YES;
				CLANG_WARN_RANGE_LOOP_ANALYSIS = YES;
				CLANG_WARN_STRICT_PROTOTYPES = YES;
				CLANG_WARN_SUSPICIOUS_MOVE = YES;
				CLANG_WARN_UNGUARDED_AVAILABILITY = YES_AGGRESSIVE;
				CLANG_WARN_UNREACHABLE_CODE = YES;
				CLANG_WARN__DUPLICATE_METHOD_MATCH = YES;
				COPY_PHASE_STRIP = NO;
				DEBUG_INFORMATION_FORMAT = "dwarf-with-dsym";
				ENABLE_NS_ASSERTIONS = NO;
				ENABLE_STRICT_OBJC_MSGSEND = YES;
				GCC_C_LANGUAGE_STANDARD = gnu11;
				GCC_NO_COMMON_BLOCKS = YES;
				GCC_WARN_64_TO_32_BIT_CONVERSION = YES;
				GCC_WARN_ABOUT_RETURN_TYPE = YES_ERROR;
				GCC_WARN_UNDECLARED_SELECTOR = YES;
				GCC_WARN_UNINITIALIZED_AUTOS = YES_AGGRESSIVE;
				GCC_WARN_UNUSED_FUNCTION = YES;
				GCC_WARN_UNUSED_VARIABLE = YES;
				IPHONEOS_DEPLOYMENT_TARGET = 14.0;
				MTL_ENABLE_DEBUG_INFO = NO;
				MTL_FAST_MATH = YES;
				SDKROOT = iphoneos;
				SWIFT_COMPILATION_MODE = wholemodule;
				SWIFT_OPTIMIZATION_LEVEL = "-O";
				VALIDATE_PRODUCT = YES;
			};
			name = Release;
		};
		5DAF92C828A0B4AB00D49324 /* Debug */ = {
			isa = XCBuildConfiguration;
			baseConfigurationReference = BB6B929CFEE455995F788790 /* Pods-InstantClener.debug.xcconfig */;
			buildSettings = {
				ASSETCATALOG_COMPILER_APPICON_NAME = AppIcon;
				ASSETCATALOG_COMPILER_GLOBAL_ACCENT_COLOR_NAME = AccentColor;
				CODE_SIGN_STYLE = Automatic;
				CURRENT_PROJECT_VERSION = 1;
				DEVELOPMENT_ASSET_PATHS = "\"InstantClener/Preview Content\"";
				DEVELOPMENT_TEAM = 7HTJ8C6E28;
				ENABLE_PREVIEWS = YES;
				GENERATE_INFOPLIST_FILE = YES;
				INFOPLIST_FILE = InstantClener/Info.plist;
				INFOPLIST_KEY_NSCalendarsUsageDescription = "We need your calendar permission to clean up junk calendars.";
				INFOPLIST_KEY_NSContactsUsageDescription = "We need your address book permission to clean up junk contacts.";
				INFOPLIST_KEY_NSPhotoLibraryUsageDescription = "We need your album permissions to clean up pictures.";
				INFOPLIST_KEY_UIApplicationSceneManifest_Generation = YES;
				INFOPLIST_KEY_UIApplicationSupportsIndirectInputEvents = YES;
				INFOPLIST_KEY_UILaunchScreen_Generation = YES;
				INFOPLIST_KEY_UILaunchStoryboardName = "Launch Screen";
				INFOPLIST_KEY_UISupportedInterfaceOrientations_iPad = "UIInterfaceOrientationPortrait UIInterfaceOrientationPortraitUpsideDown UIInterfaceOrientationLandscapeLeft UIInterfaceOrientationLandscapeRight";
				INFOPLIST_KEY_UISupportedInterfaceOrientations_iPhone = UIInterfaceOrientationPortrait;
				INFOPLIST_KEY_UIUserInterfaceStyle = Light;
				LD_RUNPATH_SEARCH_PATHS = (
					"$(inherited)",
					"@executable_path/Frameworks",
				);
				MARKETING_VERSION = 1.0.0;
				PRODUCT_BUNDLE_IDENTIFIER = com.testbird.spark.2;
				PRODUCT_NAME = "$(TARGET_NAME)";
				SWIFT_EMIT_LOC_STRINGS = YES;
				SWIFT_OBJC_BRIDGING_HEADER = "${SRCROOT}/InstantClener/Util/InstanCleaner-Bridge.h";
				SWIFT_VERSION = 5.0;
				TARGETED_DEVICE_FAMILY = 1;
			};
			name = Debug;
		};
		5DAF92C928A0B4AB00D49324 /* Release */ = {
			isa = XCBuildConfiguration;
			baseConfigurationReference = A2B2ACDBA845E0973258B174 /* Pods-InstantClener.release.xcconfig */;
			buildSettings = {
				ASSETCATALOG_COMPILER_APPICON_NAME = AppIcon;
				ASSETCATALOG_COMPILER_GLOBAL_ACCENT_COLOR_NAME = AccentColor;
				CODE_SIGN_STYLE = Automatic;
				CURRENT_PROJECT_VERSION = 1;
				DEVELOPMENT_ASSET_PATHS = "\"InstantClener/Preview Content\"";
				DEVELOPMENT_TEAM = 7HTJ8C6E28;
				ENABLE_PREVIEWS = YES;
				GENERATE_INFOPLIST_FILE = YES;
				INFOPLIST_FILE = InstantClener/Info.plist;
				INFOPLIST_KEY_NSCalendarsUsageDescription = "We need your calendar permission to clean up junk calendars.";
				INFOPLIST_KEY_NSContactsUsageDescription = "We need your address book permission to clean up junk contacts.";
				INFOPLIST_KEY_NSPhotoLibraryUsageDescription = "We need your album permissions to clean up pictures.";
				INFOPLIST_KEY_UIApplicationSceneManifest_Generation = YES;
				INFOPLIST_KEY_UIApplicationSupportsIndirectInputEvents = YES;
				INFOPLIST_KEY_UILaunchScreen_Generation = YES;
				INFOPLIST_KEY_UILaunchStoryboardName = "Launch Screen";
				INFOPLIST_KEY_UISupportedInterfaceOrientations_iPad = "UIInterfaceOrientationPortrait UIInterfaceOrientationPortraitUpsideDown UIInterfaceOrientationLandscapeLeft UIInterfaceOrientationLandscapeRight";
				INFOPLIST_KEY_UISupportedInterfaceOrientations_iPhone = UIInterfaceOrientationPortrait;
				INFOPLIST_KEY_UIUserInterfaceStyle = Light;
				LD_RUNPATH_SEARCH_PATHS = (
					"$(inherited)",
					"@executable_path/Frameworks",
				);
				MARKETING_VERSION = 1.0.0;
				PRODUCT_BUNDLE_IDENTIFIER = com.testbird.spark.2;
				PRODUCT_NAME = "$(TARGET_NAME)";
				SWIFT_EMIT_LOC_STRINGS = YES;
				SWIFT_OBJC_BRIDGING_HEADER = "${SRCROOT}/InstantClener/Util/InstanCleaner-Bridge.h";
				SWIFT_VERSION = 5.0;
				TARGETED_DEVICE_FAMILY = 1;
			};
			name = Release;
		};
/* End XCBuildConfiguration section */

/* Begin XCConfigurationList section */
		5DAF92B428A0B4AA00D49324 /* Build configuration list for PBXProject "InstantClener" */ = {
			isa = XCConfigurationList;
			buildConfigurations = (
				5DAF92C528A0B4AB00D49324 /* Debug */,
				5DAF92C628A0B4AB00D49324 /* Release */,
			);
			defaultConfigurationIsVisible = 0;
			defaultConfigurationName = Release;
		};
		5DAF92C728A0B4AB00D49324 /* Build configuration list for PBXNativeTarget "InstantClener" */ = {
			isa = XCConfigurationList;
			buildConfigurations = (
				5DAF92C828A0B4AB00D49324 /* Debug */,
				5DAF92C928A0B4AB00D49324 /* Release */,
			);
			defaultConfigurationIsVisible = 0;
			defaultConfigurationName = Release;
		};
/* End XCConfigurationList section */
	};
	rootObject = 5DAF92B128A0B4AA00D49324 /* Project object */;
}
