// !$*UTF8*$!
{
	archiveVersion = 1;
	classes = {
	};
	objectVersion = 55;
	objects = {

/* Begin PBXBuildFile section */
		575207E1464D45167D39925D /* Pods_InstantClener.framework in Frameworks */ = {isa = PBXBuildFile; fileRef = 65D21D551E03D05F14DB7807 /* Pods_InstantClener.framework */; };
		5DAF92BD28A0B4AA00D49324 /* InstantClenerApp.swift in Sources */ = {isa = PBXBuildFile; fileRef = 5DAF92BC28A0B4AA00D49324 /* InstantClenerApp.swift */; };
		5DAF92BF28A0B4AA00D49324 /* ContentView.swift in Sources */ = {isa = PBXBuildFile; fileRef = 5DAF92BE28A0B4AA00D49324 /* ContentView.swift */; };
		5DAF92C128A0B4AB00D49324 /* Assets.xcassets in Resources */ = {isa = PBXBuildFile; fileRef = 5DAF92C028A0B4AB00D49324 /* Assets.xcassets */; };
		5DAF92C428A0B4AB00D49324 /* Preview Assets.xcassets in Resources */ = {isa = PBXBuildFile; fileRef = 5DAF92C328A0B4AB00D49324 /* Preview Assets.xcassets */; };
/* End PBXBuildFile section */

/* Begin PBXFileReference section */
		5DAF92B928A0B4AA00D49324 /* InstantClener.app */ = {isa = PBXFileReference; explicitFileType = wrapper.application; includeInIndex = 0; path = InstantClener.app; sourceTree = BUILT_PRODUCTS_DIR; };
		5DAF92BC28A0B4AA00D49324 /* InstantClenerApp.swift */ = {isa = PBXFileReference; lastKnownFileType = sourcecode.swift; path = InstantClenerApp.swift; sourceTree = "<group>"; };
		5DAF92BE28A0B4AA00D49324 /* ContentView.swift */ = {isa = PBXFileReference; lastKnownFileType = sourcecode.swift; path = ContentView.swift; sourceTree = "<group>"; };
		5DAF92C028A0B4AB00D49324 /* Assets.xcassets */ = {isa = PBXFileReference; lastKnownFileType = folder.assetcatalog; path = Assets.xcassets; sourceTree = "<group>"; };
		5DAF92C328A0B4AB00D49324 /* Preview Assets.xcassets */ = {isa = PBXFileReference; lastKnownFileType = folder.assetcatalog; path = "Preview Assets.xcassets"; sourceTree = "<group>"; };
		5DAF92CA28A0B74600D49324 /* Info.plist */ = {isa = PBXFileReference; lastKnownFileType = text.plist; path = Info.plist; sourceTree = "<group>"; };
		65D21D551E03D05F14DB7807 /* Pods_InstantClener.framework */ = {isa = PBXFileReference; explicitFileType = wrapper.framework; includeInIndex = 0; path = Pods_InstantClener.framework; sourceTree = BUILT_PRODUCTS_DIR; };
		A2B2ACDBA845E0973258B174 /* Pods-InstantClener.release.xcconfig */ = {isa = PBXFileReference; includeInIndex = 1; lastKnownFileType = text.xcconfig; name = "Pods-InstantClener.release.xcconfig"; path = "Target Support Files/Pods-InstantClener/Pods-InstantClener.release.xcconfig"; sourceTree = "<group>"; };
		BB6B929CFEE455995F788790 /* Pods-InstantClener.debug.xcconfig */ = {isa = PBXFileReference; includeInIndex = 1; lastKnownFileType = text.xcconfig; name = "Pods-InstantClener.debug.xcconfig"; path = "Target Support Files/Pods-InstantClener/Pods-InstantClener.debug.xcconfig"; sourceTree = "<group>"; };
/* End PBXFileReference section */

/* Begin PBXFrameworksBuildPhase section */
		5DAF92B628A0B4AA00D49324 /* Frameworks */ = {
			isa = PBXFrameworksBuildPhase;
			buildActionMask = 2147483647;
			files = (
				575207E1464D45167D39925D /* Pods_InstantClener.framework in Frameworks */,
			);
			runOnlyForDeploymentPostprocessing = 0;
		};
/* End PBXFrameworksBuildPhase section */

/* Begin PBXGroup section */
		5DAF92B028A0B4AA00D49324 = {
			isa = PBXGroup;
			children = (
				5DAF92BB28A0B4AA00D49324 /* InstantClener */,
				5DAF92BA28A0B4AA00D49324 /* Products */,
				EFAF7F27D9A4D46D708F95D5 /* Pods */,
				ED15407E8627B5A365469A56 /* Frameworks */,
			);
			sourceTree = "<group>";
		};
		5DAF92BA28A0B4AA00D49324 /* Products */ = {
			isa = PBXGroup;
			children = (
				5DAF92B928A0B4AA00D49324 /* InstantClener.app */,
			);
			name = Products;
			sourceTree = "<group>";
		};
		5DAF92BB28A0B4AA00D49324 /* InstantClener */ = {
			isa = PBXGroup;
			children = (
				5DAF92CA28A0B74600D49324 /* Info.plist */,
				5DAF92BC28A0B4AA00D49324 /* InstantClenerApp.swift */,
				5DAF92BE28A0B4AA00D49324 /* ContentView.swift */,
				5DAF92C028A0B4AB00D49324 /* Assets.xcassets */,
				5DAF92C228A0B4AB00D49324 /* Preview Content */,
			);
			path = InstantClener;
			sourceTree = "<group>";
		};
		5DAF92C228A0B4AB00D49324 /* Preview Content */ = {
			isa = PBXGroup;
			children = (
				5DAF92C328A0B4AB00D49324 /* Preview Assets.xcassets */,
			);
			path = "Preview Content";
			sourceTree = "<group>";
		};
		ED15407E8627B5A365469A56 /* Frameworks */ = {
			isa = PBXGroup;
			children = (
				65D21D551E03D05F14DB7807 /* Pods_InstantClener.framework */,
			);
			name = Frameworks;
			sourceTree = "<group>";
		};
		EFAF7F27D9A4D46D708F95D5 /* Pods */ = {
			isa = PBXGroup;
			children = (
				BB6B929CFEE455995F788790 /* Pods-InstantClener.debug.xcconfig */,
				A2B2ACDBA845E0973258B174 /* Pods-InstantClener.release.xcconfig */,
			);
			name = Pods;
			path = Pods;
			sourceTree = "<group>";
		};
/* End PBXGroup section */

/* Begin PBXNativeTarget section */
		5DAF92B828A0B4AA00D49324 /* InstantClener */ = {
			isa = PBXNativeTarget;
			buildConfigurationList = 5DAF92C728A0B4AB00D49324 /* Build configuration list for PBXNativeTarget "InstantClener" */;
			buildPhases = (
				0CC552DF52EA02516664888D /* [CP] Check Pods Manifest.lock */,
				5DAF92B528A0B4AA00D49324 /* Sources */,
				5DAF92B628A0B4AA00D49324 /* Frameworks */,
				5DAF92B728A0B4AA00D49324 /* Resources */,
				571AE348CDD9B2CD4FCC60FC /* [CP] Embed Pods Frameworks */,
			);
			buildRules = (
			);
			dependencies = (
			);
			name = InstantClener;
			productName = InstantClener;
			productReference = 5DAF92B928A0B4AA00D49324 /* InstantClener.app */;
			productType = "com.apple.product-type.application";
		};
/* End PBXNativeTarget section */

/* Begin PBXProject section */
		5DAF92B128A0B4AA00D49324 /* Project object */ = {
			isa = PBXProject;
			attributes = {
				BuildIndependentTargetsInParallel = 1;
				LastSwiftUpdateCheck = 1340;
				LastUpgradeCheck = 1340;
				TargetAttributes = {
					5DAF92B828A0B4AA00D49324 = {
						CreatedOnToolsVersion = 13.4.1;
					};
				};
			};
			buildConfigurationList = 5DAF92B428A0B4AA00D49324 /* Build configuration list for PBXProject "InstantClener" */;
			compatibilityVersion = "Xcode 13.0";
			developmentRegion = en;
			hasScannedForEncodings = 0;
			knownRegions = (
				en,
				Base,
			);
			mainGroup = 5DAF92B028A0B4AA00D49324;
			productRefGroup = 5DAF92BA28A0B4AA00D49324 /* Products */;
			projectDirPath = "";
			projectRoot = "";
			targets = (
				5DAF92B828A0B4AA00D49324 /* InstantClener */,
			);
		};
/* End PBXProject section */

/* Begin PBXResourcesBuildPhase section */
		5DAF92B728A0B4AA00D49324 /* Resources */ = {
			isa = PBXResourcesBuildPhase;
			buildActionMask = 2147483647;
			files = (
				5DAF92C428A0B4AB00D49324 /* Preview Assets.xcassets in Resources */,
				5DAF92C128A0B4AB00D49324 /* Assets.xcassets in Resources */,
			);
			runOnlyForDeploymentPostprocessing = 0;
		};
/* End PBXResourcesBuildPhase section */

/* Begin PBXShellScriptBuildPhase section */
		0CC552DF52EA02516664888D /* [CP] Check Pods Manifest.lock */ = {
			isa = PBXShellScriptBuildPhase;
			buildActionMask = 2147483647;
			files = (
			);
			inputFileListPaths = (
			);
			inputPaths = (
				"${PODS_PODFILE_DIR_PATH}/Podfile.lock",
				"${PODS_ROOT}/Manifest.lock",
			);
			name = "[CP] Check Pods Manifest.lock";
			outputFileListPaths = (
			);
			outputPaths = (
				"$(DERIVED_FILE_DIR)/Pods-InstantClener-checkManifestLockResult.txt",
			);
			runOnlyForDeploymentPostprocessing = 0;
			shellPath = /bin/sh;
			shellScript = "diff \"${PODS_PODFILE_DIR_PATH}/Podfile.lock\" \"${PODS_ROOT}/Manifest.lock\" > /dev/null\nif [ $? != 0 ] ; then\n    # print error to STDERR\n    echo \"error: The sandbox is not in sync with the Podfile.lock. Run 'pod install' or update your CocoaPods installation.\" >&2\n    exit 1\nfi\n# This output is used by Xcode 'outputs' to avoid re-running this script phase.\necho \"SUCCESS\" > \"${SCRIPT_OUTPUT_FILE_0}\"\n";
			showEnvVarsInLog = 0;
		};
		571AE348CDD9B2CD4FCC60FC /* [CP] Embed Pods Frameworks */ = {
			isa = PBXShellScriptBuildPhase;
			buildActionMask = 2147483647;
			files = (
			);
			inputFileListPaths = (
				"${PODS_ROOT}/Target Support Files/Pods-InstantClener/Pods-InstantClener-frameworks-${CONFIGURATION}-input-files.xcfilelist",
			);
			name = "[CP] Embed Pods Frameworks";
			outputFileListPaths = (
				"${PODS_ROOT}/Target Support Files/Pods-InstantClener/Pods-InstantClener-frameworks-${CONFIGURATION}-output-files.xcfilelist",
			);
			runOnlyForDeploymentPostprocessing = 0;
			shellPath = /bin/sh;
			shellScript = "\"${PODS_ROOT}/Target Support Files/Pods-InstantClener/Pods-InstantClener-frameworks.sh\"\n";
			showEnvVarsInLog = 0;
		};
/* End PBXShellScriptBuildPhase section */

/* Begin PBXSourcesBuildPhase section */
		5DAF92B528A0B4AA00D49324 /* Sources */ = {
			isa = PBXSourcesBuildPhase;
			buildActionMask = 2147483647;
			files = (
				5DAF92BF28A0B4AA00D49324 /* ContentView.swift in Sources */,
				5DAF92BD28A0B4AA00D49324 /* InstantClenerApp.swift in Sources */,
			);
			runOnlyForDeploymentPostprocessing = 0;
		};
/* End PBXSourcesBuildPhase section */

/* Begin XCBuildConfiguration section */
		5DAF92C528A0B4AB00D49324 /* Debug */ = {
			isa = XCBuildConfiguration;
			buildSettings = {
				ALWAYS_SEARCH_USER_PATHS = NO;
				CLANG_ANALYZER_NONNULL = YES;
				CLANG_ANALYZER_NUMBER_OBJECT_CONVERSION = YES_AGGRESSIVE;
				CLANG_CXX_LANGUAGE_STANDARD = "gnu++17";
				CLANG_ENABLE_MODULES = YES;
				CLANG_ENABLE_OBJC_ARC = YES;
				CLANG_ENABLE_OBJC_WEAK = YES;
				CLANG_WARN_BLOCK_CAPTURE_AUTORELEASING = YES;
				CLANG_WARN_BOOL_CONVERSION = YES;
				CLANG_WARN_COMMA = YES;
				CLANG_WARN_CONSTANT_CONVERSION = YES;
				CLANG_WARN_DEPRECATED_OBJC_IMPLEMENTATIONS = YES;
				CLANG_WARN_DIRECT_OBJC_ISA_USAGE = YES_ERROR;
				CLANG_WARN_DOCUMENTATION_COMMENTS = YES;
				CLANG_WARN_EMPTY_BODY = YES;
				CLANG_WARN_ENUM_CONVERSION = YES;
				CLANG_WARN_INFINITE_RECURSION = YES;
				CLANG_WARN_INT_CONVERSION = YES;
				CLANG_WARN_NON_LITERAL_NULL_CONVERSION = YES;
				CLANG_WARN_OBJC_IMPLICIT_RETAIN_SELF = YES;
				CLANG_WARN_OBJC_LITERAL_CONVERSION = YES;
				CLANG_WARN_OBJC_ROOT_CLASS = YES_ERROR;
				CLANG_WARN_QUOTED_INCLUDE_IN_FRAMEWORK_HEADER = YES;
				CLANG_WARN_RANGE_LOOP_ANALYSIS = YES;
				CLANG_WARN_STRICT_PROTOTYPES = YES;
				CLANG_WARN_SUSPICIOUS_MOVE = YES;
				CLANG_WARN_UNGUARDED_AVAILABILITY = YES_AGGRESSIVE;
				CLANG_WARN_UNREACHABLE_CODE = YES;
				CLANG_WARN__DUPLICATE_METHOD_MATCH = YES;
				COPY_PHASE_STRIP = NO;
				DEBUG_INFORMATION_FORMAT = dwarf;
				ENABLE_STRICT_OBJC_MSGSEND = YES;
				ENABLE_TESTABILITY = YES;
				GCC_C_LANGUAGE_STANDARD = gnu11;
				GCC_DYNAMIC_NO_PIC = NO;
				GCC_NO_COMMON_BLOCKS = YES;
				GCC_OPTIMIZATION_LEVEL = 0;
				GCC_PREPROCESSOR_DEFINITIONS = (
					"DEBUG=1",
					"$(inherited)",
				);
				GCC_WARN_64_TO_32_BIT_CONVERSION = YES;
				GCC_WARN_ABOUT_RETURN_TYPE = YES_ERROR;
				GCC_WARN_UNDECLARED_SELECTOR = YES;
				GCC_WARN_UNINITIALIZED_AUTOS = YES_AGGRESSIVE;
				GCC_WARN_UNUSED_FUNCTION = YES;
				GCC_WARN_UNUSED_VARIABLE = YES;
				IPHONEOS_DEPLOYMENT_TARGET = 14.0;
				MTL_ENABLE_DEBUG_INFO = INCLUDE_SOURCE;
				MTL_FAST_MATH = YES;
				ONLY_ACTIVE_ARCH = YES;
				SDKROOT = iphoneos;
				SWIFT_ACTIVE_COMPILATION_CONDITIONS = DEBUG;
				SWIFT_OPTIMIZATION_LEVEL = "-Onone";
			};
			name = Debug;
		};
		5DAF92C628A0B4AB00D49324 /* Release */ = {
			isa = XCBuildConfiguration;
			buildSettings = {
				ALWAYS_SEARCH_USER_PATHS = NO;
				CLANG_ANALYZER_NONNULL = YES;
				CLANG_ANALYZER_NUMBER_OBJECT_CONVERSION = YES_AGGRESSIVE;
				CLANG_CXX_LANGUAGE_STANDARD = "gnu++17";
				CLANG_ENABLE_MODULES = YES;
				CLANG_ENABLE_OBJC_ARC = YES;
				CLANG_ENABLE_OBJC_WEAK = YES;
				CLANG_WARN_BLOCK_CAPTURE_AUTORELEASING = YES;
				CLANG_WARN_BOOL_CONVERSION = YES;
				CLANG_WARN_COMMA = YES;
				CLANG_WARN_CONSTANT_CONVERSION = YES;
				CLANG_WARN_DEPRECATED_OBJC_IMPLEMENTATIONS = YES;
				CLANG_WARN_DIRECT_OBJC_ISA_USAGE = YES_ERROR;
				CLANG_WARN_DOCUMENTATION_COMMENTS = YES;
				CLANG_WARN_EMPTY_BODY = YES;
				CLANG_WARN_ENUM_CONVERSION = YES;
				CLANG_WARN_INFINITE_RECURSION = YES;
				CLANG_WARN_INT_CONVERSION = YES;
				CLANG_WARN_NON_LITERAL_NULL_CONVERSION = YES;
				CLANG_WARN_OBJC_IMPLICIT_RETAIN_SELF = YES;
				CLANG_WARN_OBJC_LITERAL_CONVERSION = YES;
				CLANG_WARN_OBJC_ROOT_CLASS = YES_ERROR;
				CLANG_WARN_QUOTED_INCLUDE_IN_FRAMEWORK_HEADER = YES;
				CLANG_WARN_RANGE_LOOP_ANALYSIS = YES;
				CLANG_WARN_STRICT_PROTOTYPES = YES;
				CLANG_WARN_SUSPICIOUS_MOVE = YES;
				CLANG_WARN_UNGUARDED_AVAILABILITY = YES_AGGRESSIVE;
				CLANG_WARN_UNREACHABLE_CODE = YES;
				CLANG_WARN__DUPLICATE_METHOD_MATCH = YES;
				COPY_PHASE_STRIP = NO;
				DEBUG_INFORMATION_FORMAT = "dwarf-with-dsym";
				ENABLE_NS_ASSERTIONS = NO;
				ENABLE_STRICT_OBJC_MSGSEND = YES;
				GCC_C_LANGUAGE_STANDARD = gnu11;
				GCC_NO_COMMON_BLOCKS = YES;
				GCC_WARN_64_TO_32_BIT_CONVERSION = YES;
				GCC_WARN_ABOUT_RETURN_TYPE = YES_ERROR;
				GCC_WARN_UNDECLARED_SELECTOR = YES;
				GCC_WARN_UNINITIALIZED_AUTOS = YES_AGGRESSIVE;
				GCC_WARN_UNUSED_FUNCTION = YES;
				GCC_WARN_UNUSED_VARIABLE = YES;
				IPHONEOS_DEPLOYMENT_TARGET = 14.0;
				MTL_ENABLE_DEBUG_INFO = NO;
				MTL_FAST_MATH = YES;
				SDKROOT = iphoneos;
				SWIFT_COMPILATION_MODE = wholemodule;
				SWIFT_OPTIMIZATION_LEVEL = "-O";
				VALIDATE_PRODUCT = YES;
			};
			name = Release;
		};
		5DAF92C828A0B4AB00D49324 /* Debug */ = {
			isa = XCBuildConfiguration;
			baseConfigurationReference = BB6B929CFEE455995F788790 /* Pods-InstantClener.debug.xcconfig */;
			buildSettings = {
				ASSETCATALOG_COMPILER_APPICON_NAME = AppIcon;
				ASSETCATALOG_COMPILER_GLOBAL_ACCENT_COLOR_NAME = AccentColor;
				CODE_SIGN_STYLE = Automatic;
				CURRENT_PROJECT_VERSION = 1;
				DEVELOPMENT_ASSET_PATHS = "\"InstantClener/Preview Content\"";
				DEVELOPMENT_TEAM = KS3R27QL55;
				ENABLE_PREVIEWS = YES;
				GENERATE_INFOPLIST_FILE = YES;
				INFOPLIST_FILE = InstantClener/Info.plist;
				INFOPLIST_KEY_NSCalendarsUsageDescription = "We need your calendar permission to clean up junk calendars.";
				INFOPLIST_KEY_NSContactsUsageDescription = "We need your address book permission to clean up junk contacts.";
				INFOPLIST_KEY_NSPhotoLibraryUsageDescription = "We need your album permissions to clean up pictures.";
				INFOPLIST_KEY_UIApplicationSceneManifest_Generation = YES;
				INFOPLIST_KEY_UIApplicationSupportsIndirectInputEvents = YES;
				INFOPLIST_KEY_UILaunchScreen_Generation = YES;
				INFOPLIST_KEY_UISupportedInterfaceOrientations_iPad = "UIInterfaceOrientationPortrait UIInterfaceOrientationPortraitUpsideDown UIInterfaceOrientationLandscapeLeft UIInterfaceOrientationLandscapeRight";
				INFOPLIST_KEY_UISupportedInterfaceOrientations_iPhone = "UIInterfaceOrientationPortrait UIInterfaceOrientationLandscapeLeft UIInterfaceOrientationLandscapeRight";
				INFOPLIST_KEY_UIUserInterfaceStyle = Light;
				LD_RUNPATH_SEARCH_PATHS = (
					"$(inherited)",
					"@executable_path/Frameworks",
				);
				MARKETING_VERSION = 1.0.0;
				PRODUCT_BUNDLE_IDENTIFIER = com.instant.clean.smart;
				PRODUCT_NAME = "$(TARGET_NAME)";
				SWIFT_EMIT_LOC_STRINGS = YES;
				SWIFT_VERSION = 5.0;
				TARGETED_DEVICE_FAMILY = 1;
			};
			name = Debug;
		};
		5DAF92C928A0B4AB00D49324 /* Release */ = {
			isa = XCBuildConfiguration;
			baseConfigurationReference = A2B2ACDBA845E0973258B174 /* Pods-InstantClener.release.xcconfig */;
			buildSettings = {
				ASSETCATALOG_COMPILER_APPICON_NAME = AppIcon;
				ASSETCATALOG_COMPILER_GLOBAL_ACCENT_COLOR_NAME = AccentColor;
				CODE_SIGN_STYLE = Automatic;
				CURRENT_PROJECT_VERSION = 1;
				DEVELOPMENT_ASSET_PATHS = "\"InstantClener/Preview Content\"";
				DEVELOPMENT_TEAM = KS3R27QL55;
				ENABLE_PREVIEWS = YES;
				GENERATE_INFOPLIST_FILE = YES;
				INFOPLIST_FILE = InstantClener/Info.plist;
				INFOPLIST_KEY_NSCalendarsUsageDescription = "We need your calendar permission to clean up junk calendars.";
				INFOPLIST_KEY_NSContactsUsageDescription = "We need your address book permission to clean up junk contacts.";
				INFOPLIST_KEY_NSPhotoLibraryUsageDescription = "We need your album permissions to clean up pictures.";
				INFOPLIST_KEY_UIApplicationSceneManifest_Generation = YES;
				INFOPLIST_KEY_UIApplicationSupportsIndirectInputEvents = YES;
				INFOPLIST_KEY_UILaunchScreen_Generation = YES;
				INFOPLIST_KEY_UISupportedInterfaceOrientations_iPad = "UIInterfaceOrientationPortrait UIInterfaceOrientationPortraitUpsideDown UIInterfaceOrientationLandscapeLeft UIInterfaceOrientationLandscapeRight";
				INFOPLIST_KEY_UISupportedInterfaceOrientations_iPhone = "UIInterfaceOrientationPortrait UIInterfaceOrientationLandscapeLeft UIInterfaceOrientationLandscapeRight";
				INFOPLIST_KEY_UIUserInterfaceStyle = Light;
				LD_RUNPATH_SEARCH_PATHS = (
					"$(inherited)",
					"@executable_path/Frameworks",
				);
				MARKETING_VERSION = 1.0.0;
				PRODUCT_BUNDLE_IDENTIFIER = com.instant.clean.smart;
				PRODUCT_NAME = "$(TARGET_NAME)";
				SWIFT_EMIT_LOC_STRINGS = YES;
				SWIFT_VERSION = 5.0;
				TARGETED_DEVICE_FAMILY = 1;
			};
			name = Release;
		};
/* End XCBuildConfiguration section */

/* Begin XCConfigurationList section */
		5DAF92B428A0B4AA00D49324 /* Build configuration list for PBXProject "InstantClener" */ = {
			isa = XCConfigurationList;
			buildConfigurations = (
				5DAF92C528A0B4AB00D49324 /* Debug */,
				5DAF92C628A0B4AB00D49324 /* Release */,
			);
			defaultConfigurationIsVisible = 0;
			defaultConfigurationName = Release;
		};
		5DAF92C728A0B4AB00D49324 /* Build configuration list for PBXNativeTarget "InstantClener" */ = {
			isa = XCConfigurationList;
			buildConfigurations = (
				5DAF92C828A0B4AB00D49324 /* Debug */,
				5DAF92C928A0B4AB00D49324 /* Release */,
			);
			defaultConfigurationIsVisible = 0;
			defaultConfigurationName = Release;
		};
/* End XCConfigurationList section */
	};
	rootObject = 5DAF92B128A0B4AA00D49324 /* Project object */;
}
